PODS:
  - Alamofire (4.8.2)
  - Cosmos (21.0.0)
  - Kingfisher (5.4.0)
  - RxCocoa (5.1.1):
    - RxRelay (~> 5)
    - RxSwift (~> 5)
  - RxRelay (5.1.1):
    - RxSwift (~> 5)
  - RxSwift (5.1.1)
  - SVProgressHUD (2.2.5)
  - SwiftyJSON (5.0.0)

DEPENDENCIES:
  - Alamofire (~> 4.8.2)
  - Cosmos (~> 21.0.0)
  - Kingfisher (~> 5.4.0)
  - RxCocoa (~> 5)
  - RxSwift (~> 5)
  - SVProgressHUD (~> 2.2.5)
  - SwiftyJSON (~> 5.0.0)

SPEC REPOS:
  trunk:
    - Alamofire
    - Cosmos
    - Kingfisher
    - RxCocoa
    - RxRelay
    - RxSwift
    - SVProgressHUD
    - SwiftyJSON

SPEC CHECKSUMS:
  Alamofire: ae5c501addb7afdbb13687d7f2f722c78734c2d3
  Cosmos: 3dfb6e4ba48bd48b8c9aa2a77048ae11ed114f96
  Kingfisher: 9c8f2cc6710334e06f32ba2b45e77707d5e2f0c9
  RxCocoa: 32065309a38d29b5b0db858819b5bf9ef038b601
  RxRelay: d77f7d771495f43c556cbc43eebd1bb54d01e8e9
  RxSwift: 81470a2074fa8780320ea5fe4102807cb7118178
  SVProgressHUD: 1428aafac632c1f86f62aa4243ec12008d7a51d6
  SwiftyJSON: 36413e04c44ee145039d332b4f4e2d3e8d6c4db7

PODFILE CHECKSUM: 58b1a16e6f86a6bffe0bb3c35394068d014c64dc

COCOAPODS: 1.10.0.rc.1
